
Microsoft Visual Studio Solution File, Format Version 12.00
# Visual Studio 15
VisualStudioVersion = 15.0.27703.2042
MinimumVisualStudioVersion = 10.0.40219.1
Project("{9A19103F-16F7-4668-BE54-9A1E7A4F7556}") = "SudokuSolver", "SudokuSolver\SudokuSolver.csproj", "{7B4C6A80-C774-409D-9E12-50544B223C9E}"
EndProject
Project("{F2A71F9B-5D33-465A-A702-920D77279786}") = "SudokuSolver.Core", "SudokuSolver.Core\SudokuSolver.Core.fsproj", "{7533EA33-28D1-4C0C-ADAA-8945FA162134}"
EndProject
Global
	GlobalSection(SolutionConfigurationPlatforms) = preSolution
		Debug|Any CPU = Debug|Any CPU
		Release|Any CPU = Release|Any CPU
	EndGlobalSection
	GlobalSection(ProjectConfigurationPlatforms) = postSolution
		{7B4C6A80-C774-409D-9E12-50544B223C9E}.Debug|Any CPU.ActiveCfg = Debug|Any CPU
		{7B4C6A80-C774-409D-9E12-50544B223C9E}.Debug|Any CPU.Build.0 = Debug|Any CPU
		{7B4C6A80-C774-409D-9E12-50544B223C9E}.Release|Any CPU.ActiveCfg = Release|Any CPU
		{7B4C6A80-C774-409D-9E12-50544B223C9E}.Release|Any CPU.Build.0 = Release|Any CPU
		{7533EA33-28D1-4C0C-ADAA-8945FA162134}.Debug|Any CPU.ActiveCfg = Debug|Any CPU
		{7533EA33-28D1-4C0C-ADAA-8945FA162134}.Debug|Any CPU.Build.0 = Debug|Any CPU
		{7533EA33-28D1-4C0C-ADAA-8945FA162134}.Release|Any CPU.ActiveCfg = Release|Any CPU
		{7533EA33-28D1-4C0C-ADAA-8945FA162134}.Release|Any CPU.Build.0 = Release|Any CPU
	EndGlobalSection
	GlobalSection(SolutionProperties) = preSolution
		HideSolutionNode = FALSE
	EndGlobalSection
	GlobalSection(ExtensibilityGlobals) = postSolution
		SolutionGuid = {73835623-9C6B-4EF4-9142-6290C0AAC473}
	EndGlobalSection
EndGlobal
